{
  "name": "azurite",
  "version": "1.0.0",
  "lockfileVersion": 2,
  "requires": true,
  "packages": {
    "": {
      "name": "azurite",
      "version": "1.0.0",
      "license": "ISC",
      "dependencies": {
        "marked": "^7.0.1"
      },
      "devDependencies": {
        "@types/marked": "^5.0.1",
        "tsc": "^2.0.4"
      }
    },
    "node_modules/@types/marked": {
      "version": "5.0.1",
      "resolved": "https://registry.npmjs.org/@types/marked/-/marked-5.0.1.tgz",
      "integrity": "sha512-Y3pAUzHKh605fN6fvASsz5FDSWbZcs/65Q6xYRmnIP9ZIYz27T4IOmXfH9gWJV1dpi7f1e7z7nBGUTx/a0ptpA==",
      "dev": true
    },
    "node_modules/marked": {
      "version": "7.0.1",
      "resolved": "https://registry.npmjs.org/marked/-/marked-7.0.1.tgz",
      "integrity": "sha512-m8Aze620Ts62yaciz2DghZGUkUfdgvSNRicS2/XtQkStMNoce3NWjOD2b/jWF32+XXK6udM6pRhv2dKNlneAFA==",
      "bin": {
        "marked": "bin/marked.js"
      },
      "engines": {
        "node": ">= 16"
      }
    },
    "node_modules/tsc": {
      "version": "2.0.4",
      "resolved": "https://registry.npmjs.org/tsc/-/tsc-2.0.4.tgz",
      "integrity": "sha512-fzoSieZI5KKJVBYGvwbVZs/J5za84f2lSTLPYf6AGiIf43tZ3GNrI1QzTLcjtyDDP4aLxd46RTZq1nQxe7+k5Q==",
      "dev": true,
      "bin": {
        "tsc": "bin/tsc"
      }
    }
  },
  "dependencies": {
    "@types/marked": {
      "version": "5.0.1",
      "resolved": "https://registry.npmjs.org/@types/marked/-/marked-5.0.1.tgz",
      "integrity": "sha512-Y3pAUzHKh605fN6fvASsz5FDSWbZcs/65Q6xYRmnIP9ZIYz27T4IOmXfH9gWJV1dpi7f1e7z7nBGUTx/a0ptpA==",
      "dev": true
    },
    "marked": {
      "version": "7.0.1",
      "resolved": "https://registry.npmjs.org/marked/-/marked-7.0.1.tgz",
      "integrity": "sha512-m8Aze620Ts62yaciz2DghZGUkUfdgvSNRicS2/XtQkStMNoce3NWjOD2b/jWF32+XXK6udM6pRhv2dKNlneAFA=="
    },
    "tsc": {
      "version": "2.0.4",
      "resolved": "https://registry.npmjs.org/tsc/-/tsc-2.0.4.tgz",
      "integrity": "sha512-fzoSieZI5KKJVBYGvwbVZs/J5za84f2lSTLPYf6AGiIf43tZ3GNrI1QzTLcjtyDDP4aLxd46RTZq1nQxe7+k5Q==",
      "dev": true
    }
  }
}
